
Microsoft Visual Studio Solution File, Format Version 12.00
# Visual Studio 15
VisualStudioVersion = 15.0.28307.329
MinimumVisualStudioVersion = 10.0.40219.1
Project("{FAE04EC0-301F-11D3-BF4B-00C04F79EFBC}") = "SistemaDeCadastro", "SistemaDeCadastro\SistemaDeCadastro.csproj", "{0A591E50-6091-4F4F-A51C-2530EA9FBFFE}"
EndProject
Project("{FAE04EC0-301F-11D3-BF4B-00C04F79EFBC}") = "SistemaDeCadastro.WinFormsApp", "SistemaDeCadastro.WinFormsApp\SistemaDeCadastro.WinFormsApp.csproj", "{75C7A463-1291-4C18-BB62-E78ECE1D4115}"
EndProject
Project("{FAE04EC0-301F-11D3-BF4B-00C04F79EFBC}") = "SistemaDeCadatro.API", "SistemaDeCadatro.API\SistemaDeCadatro.API.csproj", "{1615F80A-8072-42C0-AF89-5CCC37F84D4B}"
EndProject
Global
	GlobalSection(SolutionConfigurationPlatforms) = preSolution
		Debug|Any CPU = Debug|Any CPU
		Release|Any CPU = Release|Any CPU
	EndGlobalSection
	GlobalSection(ProjectConfigurationPlatforms) = postSolution
		{0A591E50-6091-4F4F-A51C-2530EA9FBFFE}.Debug|Any CPU.ActiveCfg = Debug|Any CPU
		{0A591E50-6091-4F4F-A51C-2530EA9FBFFE}.Debug|Any CPU.Build.0 = Debug|Any CPU
		{0A591E50-6091-4F4F-A51C-2530EA9FBFFE}.Release|Any CPU.ActiveCfg = Release|Any CPU
		{0A591E50-6091-4F4F-A51C-2530EA9FBFFE}.Release|Any CPU.Build.0 = Release|Any CPU
		{75C7A463-1291-4C18-BB62-E78ECE1D4115}.Debug|Any CPU.ActiveCfg = Debug|Any CPU
		{75C7A463-1291-4C18-BB62-E78ECE1D4115}.Debug|Any CPU.Build.0 = Debug|Any CPU
		{75C7A463-1291-4C18-BB62-E78ECE1D4115}.Release|Any CPU.ActiveCfg = Release|Any CPU
		{75C7A463-1291-4C18-BB62-E78ECE1D4115}.Release|Any CPU.Build.0 = Release|Any CPU
		{1615F80A-8072-42C0-AF89-5CCC37F84D4B}.Debug|Any CPU.ActiveCfg = Debug|Any CPU
		{1615F80A-8072-42C0-AF89-5CCC37F84D4B}.Debug|Any CPU.Build.0 = Debug|Any CPU
		{1615F80A-8072-42C0-AF89-5CCC37F84D4B}.Release|Any CPU.ActiveCfg = Release|Any CPU
		{1615F80A-8072-42C0-AF89-5CCC37F84D4B}.Release|Any CPU.Build.0 = Release|Any CPU
	EndGlobalSection
	GlobalSection(SolutionProperties) = preSolution
		HideSolutionNode = FALSE
	EndGlobalSection
	GlobalSection(ExtensibilityGlobals) = postSolution
		SolutionGuid = {75AEE9A0-4CFA-4811-AED2-DF9C44EEDB70}
	EndGlobalSection
EndGlobal
